<?xml version="1.0" encoding="utf-8"?>
<Project ToolsVersion="4.0" xmlns="http://schemas.microsoft.com/developer/msbuild/2003">
  <ItemGroup>
    <Filter Include="ソース ファイル">
      <UniqueIdentifier>{4FC737F1-C7A5-4376-A066-2A32D752A2FF}</UniqueIdentifier>
      <Extensions>cpp;c;cc;cxx;c++;cppm;ixx;def;odl;idl;hpj;bat;asm;asmx</Extensions>
    </Filter>
    <Filter Include="ヘッダー ファイル">
      <UniqueIdentifier>{93995380-89BD-4b04-88EB-625FBE52EBFB}</UniqueIdentifier>
      <Extensions>h;hh;hpp;hxx;h++;hm;inl;inc;ipp;xsd</Extensions>
    </Filter>
    <Filter Include="リソース ファイル">
      <UniqueIdentifier>{67DA6AB6-F800-4c08-8B7A-83BB121AAD01}</UniqueIdentifier>
      <Extensions>rc;ico;cur;bmp;dlg;rc2;rct;bin;rgs;gif;jpg;jpeg;jpe;resx;tiff;tif;png;wav;mfcribbon-ms</Extensions>
    </Filter>
    <Filter Include="ソース ファイル\Main">
      <UniqueIdentifier>{b4c81c73-7e02-4496-b368-dbbfc0cddb7e}</UniqueIdentifier>
    </Filter>
    <Filter Include="ソース ファイル\Scene">
      <UniqueIdentifier>{753cce3c-6073-4168-84e4-f3ddeddc6621}</UniqueIdentifier>
    </Filter>
    <Filter Include="ソース ファイル\Scene\Title">
      <UniqueIdentifier>{aee3c6e4-1455-4468-be28-c2757fd1dc3e}</UniqueIdentifier>
    </Filter>
    <Filter Include="ソース ファイル\Scene\Result">
      <UniqueIdentifier>{92fd8cda-6189-4104-97ef-1252bb260757}</UniqueIdentifier>
    </Filter>
    <Filter Include="ソース ファイル\Scene\Play">
      <UniqueIdentifier>{3d72213f-15b9-491b-aba8-51dbf3b5980a}</UniqueIdentifier>
    </Filter>
    <Filter Include="ソース ファイル\Scene\Select">
      <UniqueIdentifier>{33183f6e-6d83-4c5a-af56-7d6d289ad831}</UniqueIdentifier>
    </Filter>
    <Filter Include="ソース ファイル\Input">
      <UniqueIdentifier>{1d3149b1-1598-4ea5-b046-18243779f790}</UniqueIdentifier>
    </Filter>
    <Filter Include="ソース ファイル\Collision">
      <UniqueIdentifier>{4377b602-4342-437b-bb53-cb2666ca8c9b}</UniqueIdentifier>
    </Filter>
    <Filter Include="ソース ファイル\MyMath">
      <UniqueIdentifier>{2200e3d2-f731-4ba0-b22b-eed4e2e17f9b}</UniqueIdentifier>
    </Filter>
    <Filter Include="ソース ファイル\Sound">
      <UniqueIdentifier>{14024373-7914-4cee-b2d5-33ec51b55aa7}</UniqueIdentifier>
    </Filter>
    <Filter Include="ソース ファイル\button">
      <UniqueIdentifier>{5841d0dc-9621-40a1-b3bd-02208412eb63}</UniqueIdentifier>
    </Filter>
    <Filter Include="ソース ファイル\MapChip">
      <UniqueIdentifier>{08bd8869-53df-4c1f-ad91-ce0245b22d09}</UniqueIdentifier>
    </Filter>
    <Filter Include="ソース ファイル\Collision\Manager">
      <UniqueIdentifier>{65a8d734-f82f-4311-8ab2-5f4ed7c0591c}</UniqueIdentifier>
    </Filter>
    <Filter Include="ソース ファイル\Effect">
      <UniqueIdentifier>{f1ff0073-9fe4-47fa-ba48-1cd75fb82c1b}</UniqueIdentifier>
    </Filter>
    <Filter Include="ソース ファイル\Player">
      <UniqueIdentifier>{2ce32524-1011-48cd-b73b-9ec3c0dbcd40}</UniqueIdentifier>
    </Filter>
  </ItemGroup>
  <ItemGroup>
    <ClCompile Include="src\Main.cpp">
      <Filter>ソース ファイル\Main</Filter>
    </ClCompile>
    <ClCompile Include="src\Scene\SceneManager.cpp">
      <Filter>ソース ファイル\Scene</Filter>
    </ClCompile>
    <ClCompile Include="src\Scene\Select\SelectScene.cpp">
      <Filter>ソース ファイル\Scene\Select</Filter>
    </ClCompile>
    <ClCompile Include="src\Scene\Play\PlayScene.cpp">
      <Filter>ソース ファイル\Scene\Play</Filter>
    </ClCompile>
    <ClCompile Include="src\Scene\Result\ResultScene.cpp">
      <Filter>ソース ファイル\Scene\Result</Filter>
    </ClCompile>
    <ClCompile Include="src\Scene\Title\TitleScene.cpp">
      <Filter>ソース ファイル\Scene\Title</Filter>
    </ClCompile>
    <ClCompile Include="src\Input\Input.cpp">
      <Filter>ソース ファイル\Input</Filter>
    </ClCompile>
    <ClCompile Include="src\Collision\Collision.cpp">
      <Filter>ソース ファイル\Collision</Filter>
    </ClCompile>
    <ClCompile Include="src\MyMath\MyMath.cpp">
      <Filter>ソース ファイル\MyMath</Filter>
    </ClCompile>
    <ClCompile Include="src\Sound\SoundManager.cpp">
      <Filter>ソース ファイル\Sound</Filter>
    </ClCompile>
    <ClCompile Include="src\VirtualButton\VirtualButton.cpp">
      <Filter>ソース ファイル\button</Filter>
    </ClCompile>
    <ClCompile Include="src\MapChip\MapChip.cpp">
      <Filter>ソース ファイル\MapChip</Filter>
    </ClCompile>
    <ClCompile Include="src\Collision\Manager\CollisionManager.cpp">
      <Filter>ソース ファイル\Collision\Manager</Filter>
    </ClCompile>
    <ClCompile Include="src\Effect\Effect.cpp">
      <Filter>ソース ファイル\Effect</Filter>
    </ClCompile>
    <ClCompile Include="src\Player\LevelDevilPlayer.cpp">
      <Filter>ソース ファイル\Player</Filter>
    </ClCompile>
  </ItemGroup>
  <ItemGroup>
    <ClInclude Include="src\Scene\SceneManager.h">
      <Filter>ソース ファイル\Scene</Filter>
    </ClInclude>
    <ClInclude Include="src\Scene\Select\SelectScene.h">
      <Filter>ソース ファイル\Scene\Select</Filter>
    </ClInclude>
    <ClInclude Include="src\Scene\Play\PlayScene.h">
      <Filter>ソース ファイル\Scene\Play</Filter>
    </ClInclude>
    <ClInclude Include="src\Scene\Result\ResultScene.h">
      <Filter>ソース ファイル\Scene\Result</Filter>
    </ClInclude>
    <ClInclude Include="src\Scene\Title\TitleScene.h">
      <Filter>ソース ファイル\Scene\Title</Filter>
    </ClInclude>
    <ClInclude Include="src\Input\Input.h">
      <Filter>ソース ファイル\Input</Filter>
    </ClInclude>
    <ClInclude Include="src\Collision\Collision.h">
      <Filter>ソース ファイル\Collision</Filter>
    </ClInclude>
    <ClInclude Include="src\MyMath\MyMath.h">
      <Filter>ソース ファイル\MyMath</Filter>
    </ClInclude>
    <ClInclude Include="src\Sound\SoundManager.h">
      <Filter>ソース ファイル\Sound</Filter>
    </ClInclude>
    <ClInclude Include="src\VirtualButton\VirtualButton.h">
      <Filter>ソース ファイル\button</Filter>
    </ClInclude>
    <ClInclude Include="src\MapChip\MapChip.h">
      <Filter>ソース ファイル\MapChip</Filter>
    </ClInclude>
    <ClInclude Include="src\Collision\Manager\CollisionManager.h">
      <Filter>ソース ファイル\Collision\Manager</Filter>
    </ClInclude>
    <ClInclude Include="src\Effect\Effect.h">
      <Filter>ソース ファイル\Effect</Filter>
    </ClInclude>
    <ClInclude Include="src\Player\LevelDevilPlayer.h">
      <Filter>ソース ファイル\Player</Filter>
    </ClInclude>
  </ItemGroup>
</Project>